
Microsoft Visual Studio Solution File, Format Version 12.00
# Visual Studio 2012
Project("{FAE04EC0-301F-11D3-BF4B-00C04F79EFBC}") = "aerospike-list-expansion", "aerospike-list-expansion\aerospike-list-expansion.csproj", "{FD8787E0-6335-48A2-A031-506F6A75F2E6}"
EndProject
Project("{2150E333-8FDC-42A3-9474-1A3956D46DE8}") = "Solution Items", "Solution Items", "{7933C2EA-8549-4E65-9F79-0CE62D18BE48}"
	ProjectSection(SolutionItems) = preProject
		AssemblyInfo.cs = AssemblyInfo.cs
		aerospike-list-expansion\utility.lua = aerospike-list-expansion\utility.lua
	EndProjectSection
EndProject
Global
	GlobalSection(SolutionConfigurationPlatforms) = preSolution
		Debug|x86 = Debug|x86
		Release|x86 = Release|x86
	EndGlobalSection
	GlobalSection(ProjectConfigurationPlatforms) = postSolution
		{FD8787E0-6335-48A2-A031-506F6A75F2E6}.Debug|x86.ActiveCfg = Debug|x86
		{FD8787E0-6335-48A2-A031-506F6A75F2E6}.Debug|x86.Build.0 = Debug|x86
		{FD8787E0-6335-48A2-A031-506F6A75F2E6}.Release|x86.ActiveCfg = Release|x86
		{FD8787E0-6335-48A2-A031-506F6A75F2E6}.Release|x86.Build.0 = Release|x86
	EndGlobalSection
	GlobalSection(NestedProjects) = preSolution
	EndGlobalSection
EndGlobal
